
Microsoft Visual Studio Solution File, Format Version 12.00
# Visual Studio Version 17
VisualStudioVersion = 17.9.34728.123
MinimumVisualStudioVersion = 10.0.40219.1
Project("{FAE04EC0-301F-11D3-BF4B-00C04F79EFBC}") = "Ex04.Menus.Interfaces", "Ex04.Menus.Interfaces\Ex04.Menus.Interfaces.csproj", "{CFAC7933-830D-4A39-9698-11789C17ABAD}"
EndProject
Project("{FAE04EC0-301F-11D3-BF4B-00C04F79EFBC}") = "Ex04.Menus.Events", "Ex04.Menus.Events\Ex04.Menus.Events.csproj", "{78E9022E-D808-4612-8A77-FD50BCA6FD77}"
EndProject
Project("{FAE04EC0-301F-11D3-BF4B-00C04F79EFBC}") = "Ex04.Menus.Test", "Ex04.Menus.Test\Ex04.Menus.Test.csproj", "{EE48C5BA-62F6-433A-B703-065904E33E7E}"
EndProject
Global
	GlobalSection(SolutionConfigurationPlatforms) = preSolution
		Debug|Any CPU = Debug|Any CPU
		Release|Any CPU = Release|Any CPU
	EndGlobalSection
	GlobalSection(ProjectConfigurationPlatforms) = postSolution
		{CFAC7933-830D-4A39-9698-11789C17ABAD}.Debug|Any CPU.ActiveCfg = Debug|Any CPU
		{CFAC7933-830D-4A39-9698-11789C17ABAD}.Debug|Any CPU.Build.0 = Debug|Any CPU
		{CFAC7933-830D-4A39-9698-11789C17ABAD}.Release|Any CPU.ActiveCfg = Release|Any CPU
		{CFAC7933-830D-4A39-9698-11789C17ABAD}.Release|Any CPU.Build.0 = Release|Any CPU
		{78E9022E-D808-4612-8A77-FD50BCA6FD77}.Debug|Any CPU.ActiveCfg = Debug|Any CPU
		{78E9022E-D808-4612-8A77-FD50BCA6FD77}.Debug|Any CPU.Build.0 = Debug|Any CPU
		{78E9022E-D808-4612-8A77-FD50BCA6FD77}.Release|Any CPU.ActiveCfg = Release|Any CPU
		{78E9022E-D808-4612-8A77-FD50BCA6FD77}.Release|Any CPU.Build.0 = Release|Any CPU
		{EE48C5BA-62F6-433A-B703-065904E33E7E}.Debug|Any CPU.ActiveCfg = Debug|Any CPU
		{EE48C5BA-62F6-433A-B703-065904E33E7E}.Debug|Any CPU.Build.0 = Debug|Any CPU
		{EE48C5BA-62F6-433A-B703-065904E33E7E}.Release|Any CPU.ActiveCfg = Release|Any CPU
		{EE48C5BA-62F6-433A-B703-065904E33E7E}.Release|Any CPU.Build.0 = Release|Any CPU
	EndGlobalSection
	GlobalSection(SolutionProperties) = preSolution
		HideSolutionNode = FALSE
	EndGlobalSection
	GlobalSection(ExtensibilityGlobals) = postSolution
		SolutionGuid = {25EC9FE7-46BA-47EA-8830-D4F1B74A1491}
	EndGlobalSection
EndGlobal
